
Microsoft Visual Studio Solution File, Format Version 12.00
# Visual Studio Version 17
VisualStudioVersion = 17.6.33829.357
MinimumVisualStudioVersion = 10.0.40219.1
Project("{FAE04EC0-301F-11D3-BF4B-00C04F79EFBC}") = "04. Sum Digits", "04. Sum Digits.csproj", "{FDC36B5D-B474-442B-8C67-EA990577109B}"
EndProject
Global
	GlobalSection(SolutionConfigurationPlatforms) = preSolution
		Debug|Any CPU = Debug|Any CPU
		Release|Any CPU = Release|Any CPU
	EndGlobalSection
	GlobalSection(ProjectConfigurationPlatforms) = postSolution
		{FDC36B5D-B474-442B-8C67-EA990577109B}.Debug|Any CPU.ActiveCfg = Debug|Any CPU
		{FDC36B5D-B474-442B-8C67-EA990577109B}.Debug|Any CPU.Build.0 = Debug|Any CPU
		{FDC36B5D-B474-442B-8C67-EA990577109B}.Release|Any CPU.ActiveCfg = Release|Any CPU
		{FDC36B5D-B474-442B-8C67-EA990577109B}.Release|Any CPU.Build.0 = Release|Any CPU
	EndGlobalSection
	GlobalSection(SolutionProperties) = preSolution
		HideSolutionNode = FALSE
	EndGlobalSection
	GlobalSection(ExtensibilityGlobals) = postSolution
		SolutionGuid = {535399F9-B174-48C0-8B75-ACBF62D6B69A}
	EndGlobalSection
EndGlobal
