
Microsoft Visual Studio Solution File, Format Version 12.00
# Visual Studio Version 17
VisualStudioVersion = 17.6.33829.357
MinimumVisualStudioVersion = 10.0.40219.1
Project("{FAE04EC0-301F-11D3-BF4B-00C04F79EFBC}") = "07. Special Bonus", "07. Special Bonus.csproj", "{FA109258-C352-4CFF-BEEC-7FC7FF480E4C}"
EndProject
Global
	GlobalSection(SolutionConfigurationPlatforms) = preSolution
		Debug|Any CPU = Debug|Any CPU
		Release|Any CPU = Release|Any CPU
	EndGlobalSection
	GlobalSection(ProjectConfigurationPlatforms) = postSolution
		{FA109258-C352-4CFF-BEEC-7FC7FF480E4C}.Debug|Any CPU.ActiveCfg = Debug|Any CPU
		{FA109258-C352-4CFF-BEEC-7FC7FF480E4C}.Debug|Any CPU.Build.0 = Debug|Any CPU
		{FA109258-C352-4CFF-BEEC-7FC7FF480E4C}.Release|Any CPU.ActiveCfg = Release|Any CPU
		{FA109258-C352-4CFF-BEEC-7FC7FF480E4C}.Release|Any CPU.Build.0 = Release|Any CPU
	EndGlobalSection
	GlobalSection(SolutionProperties) = preSolution
		HideSolutionNode = FALSE
	EndGlobalSection
	GlobalSection(ExtensibilityGlobals) = postSolution
		SolutionGuid = {66165915-1783-4DCA-A040-3D9C1A870E38}
	EndGlobalSection
EndGlobal
