
Microsoft Visual Studio Solution File, Format Version 12.00
# Visual Studio Version 17
VisualStudioVersion = 17.6.33829.357
MinimumVisualStudioVersion = 10.0.40219.1
Project("{FAE04EC0-301F-11D3-BF4B-00C04F79EFBC}") = "03. New Home", "03. New Home.csproj", "{551F3FC7-82CD-49E3-BA9B-5C028E67BF66}"
EndProject
Global
	GlobalSection(SolutionConfigurationPlatforms) = preSolution
		Debug|Any CPU = Debug|Any CPU
		Release|Any CPU = Release|Any CPU
	EndGlobalSection
	GlobalSection(ProjectConfigurationPlatforms) = postSolution
		{551F3FC7-82CD-49E3-BA9B-5C028E67BF66}.Debug|Any CPU.ActiveCfg = Debug|Any CPU
		{551F3FC7-82CD-49E3-BA9B-5C028E67BF66}.Debug|Any CPU.Build.0 = Debug|Any CPU
		{551F3FC7-82CD-49E3-BA9B-5C028E67BF66}.Release|Any CPU.ActiveCfg = Release|Any CPU
		{551F3FC7-82CD-49E3-BA9B-5C028E67BF66}.Release|Any CPU.Build.0 = Release|Any CPU
	EndGlobalSection
	GlobalSection(SolutionProperties) = preSolution
		HideSolutionNode = FALSE
	EndGlobalSection
	GlobalSection(ExtensibilityGlobals) = postSolution
		SolutionGuid = {6CEDB7A7-879F-406A-B260-CE013F54CB3F}
	EndGlobalSection
EndGlobal
