
Microsoft Visual Studio Solution File, Format Version 12.00
# Visual Studio Version 17
VisualStudioVersion = 17.6.33829.357
MinimumVisualStudioVersion = 10.0.40219.1
Project("{FAE04EC0-301F-11D3-BF4B-00C04F79EFBC}") = "05. Numbers From 1 to N over 3", "05. Numbers From 1 to N over 3.csproj", "{D57D53F3-F468-4D1E-A4DA-0A6E90900B36}"
EndProject
Global
	GlobalSection(SolutionConfigurationPlatforms) = preSolution
		Debug|Any CPU = Debug|Any CPU
		Release|Any CPU = Release|Any CPU
	EndGlobalSection
	GlobalSection(ProjectConfigurationPlatforms) = postSolution
		{D57D53F3-F468-4D1E-A4DA-0A6E90900B36}.Debug|Any CPU.ActiveCfg = Debug|Any CPU
		{D57D53F3-F468-4D1E-A4DA-0A6E90900B36}.Debug|Any CPU.Build.0 = Debug|Any CPU
		{D57D53F3-F468-4D1E-A4DA-0A6E90900B36}.Release|Any CPU.ActiveCfg = Release|Any CPU
		{D57D53F3-F468-4D1E-A4DA-0A6E90900B36}.Release|Any CPU.Build.0 = Release|Any CPU
	EndGlobalSection
	GlobalSection(SolutionProperties) = preSolution
		HideSolutionNode = FALSE
	EndGlobalSection
	GlobalSection(ExtensibilityGlobals) = postSolution
		SolutionGuid = {ED4CD85E-926A-4D7D-8CD1-4B6120DF5A95}
	EndGlobalSection
EndGlobal
