
Microsoft Visual Studio Solution File, Format Version 12.00
# Visual Studio Version 17
VisualStudioVersion = 17.6.33829.357
MinimumVisualStudioVersion = 10.0.40219.1
Project("{FAE04EC0-301F-11D3-BF4B-00C04F79EFBC}") = "06. Redecorating", "06. Redecorating.csproj", "{0FDF39BE-277A-4231-A11F-213A20BCDBD7}"
EndProject
Global
	GlobalSection(SolutionConfigurationPlatforms) = preSolution
		Debug|Any CPU = Debug|Any CPU
		Release|Any CPU = Release|Any CPU
	EndGlobalSection
	GlobalSection(ProjectConfigurationPlatforms) = postSolution
		{0FDF39BE-277A-4231-A11F-213A20BCDBD7}.Debug|Any CPU.ActiveCfg = Debug|Any CPU
		{0FDF39BE-277A-4231-A11F-213A20BCDBD7}.Debug|Any CPU.Build.0 = Debug|Any CPU
		{0FDF39BE-277A-4231-A11F-213A20BCDBD7}.Release|Any CPU.ActiveCfg = Release|Any CPU
		{0FDF39BE-277A-4231-A11F-213A20BCDBD7}.Release|Any CPU.Build.0 = Release|Any CPU
	EndGlobalSection
	GlobalSection(SolutionProperties) = preSolution
		HideSolutionNode = FALSE
	EndGlobalSection
	GlobalSection(ExtensibilityGlobals) = postSolution
		SolutionGuid = {521D1D4E-3145-470B-B348-D89A9B4C837A}
	EndGlobalSection
EndGlobal
