
Microsoft Visual Studio Solution File, Format Version 12.00
# Visual Studio Version 17
VisualStudioVersion = 17.6.33829.357
MinimumVisualStudioVersion = 10.0.40219.1
Project("{FAE04EC0-301F-11D3-BF4B-00C04F79EFBC}") = "01.ConverterUSDtoBGN", "..\01.ConverterUSDtoBGN\01.ConverterUSDtoBGN.csproj", "{C93B3A38-CCCA-4AE2-9A13-A0A76D850A75}"
EndProject
Project("{FAE04EC0-301F-11D3-BF4B-00C04F79EFBC}") = "02. RAD to DEG", "..\02. RAD to DEG\02. RAD to DEG.csproj", "{04D283F7-3A59-4018-B23B-0BAC2BA29032}"
EndProject
Project("{FAE04EC0-301F-11D3-BF4B-00C04F79EFBC}") = "03. Deposit Calculator", "..\03. Deposit Calculator\03. Deposit Calculator.csproj", "{049477B1-B4F4-4DF4-9218-6E693EF0D12F}"
EndProject
Project("{FAE04EC0-301F-11D3-BF4B-00C04F79EFBC}") = "04. Mandatory Literature", "..\04. Mandatory Literature\04. Mandatory Literature.csproj", "{1502BB6F-F1B7-45B8-8471-497F574B6F03}"
EndProject
Project("{FAE04EC0-301F-11D3-BF4B-00C04F79EFBC}") = "05. Teaching Materials", "..\05. Teaching Materials\05. Teaching Materials.csproj", "{D336D46B-9FC5-41C9-9791-78ABF52A8A9D}"
EndProject
Project("{FAE04EC0-301F-11D3-BF4B-00C04F79EFBC}") = "06. Redecorating", "..\06. Redecorating\06. Redecorating.csproj", "{6F30346D-6C32-4D69-BC72-537AB9456DDC}"
EndProject
Global
	GlobalSection(SolutionConfigurationPlatforms) = preSolution
		Debug|Any CPU = Debug|Any CPU
		Release|Any CPU = Release|Any CPU
	EndGlobalSection
	GlobalSection(ProjectConfigurationPlatforms) = postSolution
		{C93B3A38-CCCA-4AE2-9A13-A0A76D850A75}.Debug|Any CPU.ActiveCfg = Debug|Any CPU
		{C93B3A38-CCCA-4AE2-9A13-A0A76D850A75}.Debug|Any CPU.Build.0 = Debug|Any CPU
		{C93B3A38-CCCA-4AE2-9A13-A0A76D850A75}.Release|Any CPU.ActiveCfg = Release|Any CPU
		{C93B3A38-CCCA-4AE2-9A13-A0A76D850A75}.Release|Any CPU.Build.0 = Release|Any CPU
		{04D283F7-3A59-4018-B23B-0BAC2BA29032}.Debug|Any CPU.ActiveCfg = Debug|Any CPU
		{04D283F7-3A59-4018-B23B-0BAC2BA29032}.Debug|Any CPU.Build.0 = Debug|Any CPU
		{04D283F7-3A59-4018-B23B-0BAC2BA29032}.Release|Any CPU.ActiveCfg = Release|Any CPU
		{04D283F7-3A59-4018-B23B-0BAC2BA29032}.Release|Any CPU.Build.0 = Release|Any CPU
		{049477B1-B4F4-4DF4-9218-6E693EF0D12F}.Debug|Any CPU.ActiveCfg = Debug|Any CPU
		{049477B1-B4F4-4DF4-9218-6E693EF0D12F}.Debug|Any CPU.Build.0 = Debug|Any CPU
		{049477B1-B4F4-4DF4-9218-6E693EF0D12F}.Release|Any CPU.ActiveCfg = Release|Any CPU
		{049477B1-B4F4-4DF4-9218-6E693EF0D12F}.Release|Any CPU.Build.0 = Release|Any CPU
		{1502BB6F-F1B7-45B8-8471-497F574B6F03}.Debug|Any CPU.ActiveCfg = Debug|Any CPU
		{1502BB6F-F1B7-45B8-8471-497F574B6F03}.Debug|Any CPU.Build.0 = Debug|Any CPU
		{1502BB6F-F1B7-45B8-8471-497F574B6F03}.Release|Any CPU.ActiveCfg = Release|Any CPU
		{1502BB6F-F1B7-45B8-8471-497F574B6F03}.Release|Any CPU.Build.0 = Release|Any CPU
		{D336D46B-9FC5-41C9-9791-78ABF52A8A9D}.Debug|Any CPU.ActiveCfg = Debug|Any CPU
		{D336D46B-9FC5-41C9-9791-78ABF52A8A9D}.Debug|Any CPU.Build.0 = Debug|Any CPU
		{D336D46B-9FC5-41C9-9791-78ABF52A8A9D}.Release|Any CPU.ActiveCfg = Release|Any CPU
		{D336D46B-9FC5-41C9-9791-78ABF52A8A9D}.Release|Any CPU.Build.0 = Release|Any CPU
		{6F30346D-6C32-4D69-BC72-537AB9456DDC}.Debug|Any CPU.ActiveCfg = Debug|Any CPU
		{6F30346D-6C32-4D69-BC72-537AB9456DDC}.Debug|Any CPU.Build.0 = Debug|Any CPU
		{6F30346D-6C32-4D69-BC72-537AB9456DDC}.Release|Any CPU.ActiveCfg = Release|Any CPU
		{6F30346D-6C32-4D69-BC72-537AB9456DDC}.Release|Any CPU.Build.0 = Release|Any CPU
	EndGlobalSection
	GlobalSection(SolutionProperties) = preSolution
		HideSolutionNode = FALSE
	EndGlobalSection
	GlobalSection(ExtensibilityGlobals) = postSolution
		SolutionGuid = {76F8AA52-7BAC-439F-AA49-A05CFC11453E}
	EndGlobalSection
EndGlobal
