
Microsoft Visual Studio Solution File, Format Version 12.00
# Visual Studio Version 17
VisualStudioVersion = 17.6.33829.357
MinimumVisualStudioVersion = 10.0.40219.1
Project("{FAE04EC0-301F-11D3-BF4B-00C04F79EFBC}") = "04. Vowel Sum", "04. Vowel Sum.csproj", "{9C092BBB-C925-4D2A-BAA8-03679F5396AE}"
EndProject
Global
	GlobalSection(SolutionConfigurationPlatforms) = preSolution
		Debug|Any CPU = Debug|Any CPU
		Release|Any CPU = Release|Any CPU
	EndGlobalSection
	GlobalSection(ProjectConfigurationPlatforms) = postSolution
		{9C092BBB-C925-4D2A-BAA8-03679F5396AE}.Debug|Any CPU.ActiveCfg = Debug|Any CPU
		{9C092BBB-C925-4D2A-BAA8-03679F5396AE}.Debug|Any CPU.Build.0 = Debug|Any CPU
		{9C092BBB-C925-4D2A-BAA8-03679F5396AE}.Release|Any CPU.ActiveCfg = Release|Any CPU
		{9C092BBB-C925-4D2A-BAA8-03679F5396AE}.Release|Any CPU.Build.0 = Release|Any CPU
	EndGlobalSection
	GlobalSection(SolutionProperties) = preSolution
		HideSolutionNode = FALSE
	EndGlobalSection
	GlobalSection(ExtensibilityGlobals) = postSolution
		SolutionGuid = {BD653E85-0C16-4C1B-8DA4-051D67A88C34}
	EndGlobalSection
EndGlobal
