
Microsoft Visual Studio Solution File, Format Version 12.00
# Visual Studio Version 17
VisualStudioVersion = 17.6.33829.357
MinimumVisualStudioVersion = 10.0.40219.1
Project("{FAE04EC0-301F-11D3-BF4B-00C04F79EFBC}") = "08. On Time For Exam", "08. On Time For Exam.csproj", "{579F451B-9B33-471A-A3FF-A305B3B23A34}"
EndProject
Global
	GlobalSection(SolutionConfigurationPlatforms) = preSolution
		Debug|Any CPU = Debug|Any CPU
		Release|Any CPU = Release|Any CPU
	EndGlobalSection
	GlobalSection(ProjectConfigurationPlatforms) = postSolution
		{579F451B-9B33-471A-A3FF-A305B3B23A34}.Debug|Any CPU.ActiveCfg = Debug|Any CPU
		{579F451B-9B33-471A-A3FF-A305B3B23A34}.Debug|Any CPU.Build.0 = Debug|Any CPU
		{579F451B-9B33-471A-A3FF-A305B3B23A34}.Release|Any CPU.ActiveCfg = Release|Any CPU
		{579F451B-9B33-471A-A3FF-A305B3B23A34}.Release|Any CPU.Build.0 = Release|Any CPU
	EndGlobalSection
	GlobalSection(SolutionProperties) = preSolution
		HideSolutionNode = FALSE
	EndGlobalSection
	GlobalSection(ExtensibilityGlobals) = postSolution
		SolutionGuid = {D541CAFF-3088-4FD1-A986-BC2CDFFEF3F2}
	EndGlobalSection
EndGlobal
