
Microsoft Visual Studio Solution File, Format Version 12.00
# Visual Studio Version 17
VisualStudioVersion = 17.6.33829.357
MinimumVisualStudioVersion = 10.0.40219.1
Project("{FAE04EC0-301F-11D3-BF4B-00C04F79EFBC}") = "03. Sequence 2k + 1", "03. Sequence 2k + 1.csproj", "{586FC4A4-D5C8-4834-BC78-A55E2806D6D1}"
EndProject
Global
	GlobalSection(SolutionConfigurationPlatforms) = preSolution
		Debug|Any CPU = Debug|Any CPU
		Release|Any CPU = Release|Any CPU
	EndGlobalSection
	GlobalSection(ProjectConfigurationPlatforms) = postSolution
		{586FC4A4-D5C8-4834-BC78-A55E2806D6D1}.Debug|Any CPU.ActiveCfg = Debug|Any CPU
		{586FC4A4-D5C8-4834-BC78-A55E2806D6D1}.Debug|Any CPU.Build.0 = Debug|Any CPU
		{586FC4A4-D5C8-4834-BC78-A55E2806D6D1}.Release|Any CPU.ActiveCfg = Release|Any CPU
		{586FC4A4-D5C8-4834-BC78-A55E2806D6D1}.Release|Any CPU.Build.0 = Release|Any CPU
	EndGlobalSection
	GlobalSection(SolutionProperties) = preSolution
		HideSolutionNode = FALSE
	EndGlobalSection
	GlobalSection(ExtensibilityGlobals) = postSolution
		SolutionGuid = {AAEF763A-7505-4537-B2B2-E35EF299ADAB}
	EndGlobalSection
EndGlobal
