
Microsoft Visual Studio Solution File, Format Version 12.00
# Visual Studio Version 17
VisualStudioVersion = 17.6.33829.357
MinimumVisualStudioVersion = 10.0.40219.1
Project("{FAE04EC0-301F-11D3-BF4B-00C04F79EFBC}") = "08. Basketball Equipment", "08. Basketball Equipment.csproj", "{FB9B8B33-2DC4-45E2-8275-61B61A590020}"
EndProject
Global
	GlobalSection(SolutionConfigurationPlatforms) = preSolution
		Debug|Any CPU = Debug|Any CPU
		Release|Any CPU = Release|Any CPU
	EndGlobalSection
	GlobalSection(ProjectConfigurationPlatforms) = postSolution
		{FB9B8B33-2DC4-45E2-8275-61B61A590020}.Debug|Any CPU.ActiveCfg = Debug|Any CPU
		{FB9B8B33-2DC4-45E2-8275-61B61A590020}.Debug|Any CPU.Build.0 = Debug|Any CPU
		{FB9B8B33-2DC4-45E2-8275-61B61A590020}.Release|Any CPU.ActiveCfg = Release|Any CPU
		{FB9B8B33-2DC4-45E2-8275-61B61A590020}.Release|Any CPU.Build.0 = Release|Any CPU
	EndGlobalSection
	GlobalSection(SolutionProperties) = preSolution
		HideSolutionNode = FALSE
	EndGlobalSection
	GlobalSection(ExtensibilityGlobals) = postSolution
		SolutionGuid = {F847D9BD-4BD2-4A51-A526-67B23DC1DCC3}
	EndGlobalSection
EndGlobal
