
Microsoft Visual Studio Solution File, Format Version 12.00
# Visual Studio Version 17
VisualStudioVersion = 17.6.33829.357
MinimumVisualStudioVersion = 10.0.40219.1
Project("{FAE04EC0-301F-11D3-BF4B-00C04F79EFBC}") = "06. Number Processor", "06. Number Processor.csproj", "{D575A5A7-B61C-4417-AF34-6487A4F59B6B}"
EndProject
Global
	GlobalSection(SolutionConfigurationPlatforms) = preSolution
		Debug|Any CPU = Debug|Any CPU
		Release|Any CPU = Release|Any CPU
	EndGlobalSection
	GlobalSection(ProjectConfigurationPlatforms) = postSolution
		{D575A5A7-B61C-4417-AF34-6487A4F59B6B}.Debug|Any CPU.ActiveCfg = Debug|Any CPU
		{D575A5A7-B61C-4417-AF34-6487A4F59B6B}.Debug|Any CPU.Build.0 = Debug|Any CPU
		{D575A5A7-B61C-4417-AF34-6487A4F59B6B}.Release|Any CPU.ActiveCfg = Release|Any CPU
		{D575A5A7-B61C-4417-AF34-6487A4F59B6B}.Release|Any CPU.Build.0 = Release|Any CPU
	EndGlobalSection
	GlobalSection(SolutionProperties) = preSolution
		HideSolutionNode = FALSE
	EndGlobalSection
	GlobalSection(ExtensibilityGlobals) = postSolution
		SolutionGuid = {338267DD-E0A9-47E4-884B-AB0A183F6669}
	EndGlobalSection
EndGlobal
