
Microsoft Visual Studio Solution File, Format Version 12.00
# Visual Studio Version 17
VisualStudioVersion = 17.6.33829.357
MinimumVisualStudioVersion = 10.0.40219.1
Project("{FAE04EC0-301F-11D3-BF4B-00C04F79EFBC}") = "04. Letter Combinations", "04. Letter Combinations.csproj", "{0106D1FF-BC61-4434-B955-E86AE96CF7C0}"
EndProject
Global
	GlobalSection(SolutionConfigurationPlatforms) = preSolution
		Debug|Any CPU = Debug|Any CPU
		Release|Any CPU = Release|Any CPU
	EndGlobalSection
	GlobalSection(ProjectConfigurationPlatforms) = postSolution
		{0106D1FF-BC61-4434-B955-E86AE96CF7C0}.Debug|Any CPU.ActiveCfg = Debug|Any CPU
		{0106D1FF-BC61-4434-B955-E86AE96CF7C0}.Debug|Any CPU.Build.0 = Debug|Any CPU
		{0106D1FF-BC61-4434-B955-E86AE96CF7C0}.Release|Any CPU.ActiveCfg = Release|Any CPU
		{0106D1FF-BC61-4434-B955-E86AE96CF7C0}.Release|Any CPU.Build.0 = Release|Any CPU
	EndGlobalSection
	GlobalSection(SolutionProperties) = preSolution
		HideSolutionNode = FALSE
	EndGlobalSection
	GlobalSection(ExtensibilityGlobals) = postSolution
		SolutionGuid = {2A2A749E-8485-4F45-9177-514D91E347EB}
	EndGlobalSection
EndGlobal
