
Microsoft Visual Studio Solution File, Format Version 12.00
# Visual Studio Version 17
VisualStudioVersion = 17.6.33829.357
MinimumVisualStudioVersion = 10.0.40219.1
Project("{FAE04EC0-301F-11D3-BF4B-00C04F79EFBC}") = "03. Unique PIN Codes", "03. Unique PIN Codes.csproj", "{8A2C7DEA-CA39-4549-BE14-2BCDA1BE17BE}"
EndProject
Global
	GlobalSection(SolutionConfigurationPlatforms) = preSolution
		Debug|Any CPU = Debug|Any CPU
		Release|Any CPU = Release|Any CPU
	EndGlobalSection
	GlobalSection(ProjectConfigurationPlatforms) = postSolution
		{8A2C7DEA-CA39-4549-BE14-2BCDA1BE17BE}.Debug|Any CPU.ActiveCfg = Debug|Any CPU
		{8A2C7DEA-CA39-4549-BE14-2BCDA1BE17BE}.Debug|Any CPU.Build.0 = Debug|Any CPU
		{8A2C7DEA-CA39-4549-BE14-2BCDA1BE17BE}.Release|Any CPU.ActiveCfg = Release|Any CPU
		{8A2C7DEA-CA39-4549-BE14-2BCDA1BE17BE}.Release|Any CPU.Build.0 = Release|Any CPU
	EndGlobalSection
	GlobalSection(SolutionProperties) = preSolution
		HideSolutionNode = FALSE
	EndGlobalSection
	GlobalSection(ExtensibilityGlobals) = postSolution
		SolutionGuid = {6243E8B7-A68E-4607-B161-40580D46402F}
	EndGlobalSection
EndGlobal
