
Microsoft Visual Studio Solution File, Format Version 12.00
# Visual Studio Version 17
VisualStudioVersion = 17.6.33829.357
MinimumVisualStudioVersion = 10.0.40219.1
Project("{FAE04EC0-301F-11D3-BF4B-00C04F79EFBC}") = "01. Power Of Number", "01. Power Of Number.csproj", "{A591E930-6609-4DB1-BE5D-ABE706077594}"
EndProject
Global
	GlobalSection(SolutionConfigurationPlatforms) = preSolution
		Debug|Any CPU = Debug|Any CPU
		Release|Any CPU = Release|Any CPU
	EndGlobalSection
	GlobalSection(ProjectConfigurationPlatforms) = postSolution
		{A591E930-6609-4DB1-BE5D-ABE706077594}.Debug|Any CPU.ActiveCfg = Debug|Any CPU
		{A591E930-6609-4DB1-BE5D-ABE706077594}.Debug|Any CPU.Build.0 = Debug|Any CPU
		{A591E930-6609-4DB1-BE5D-ABE706077594}.Release|Any CPU.ActiveCfg = Release|Any CPU
		{A591E930-6609-4DB1-BE5D-ABE706077594}.Release|Any CPU.Build.0 = Release|Any CPU
	EndGlobalSection
	GlobalSection(SolutionProperties) = preSolution
		HideSolutionNode = FALSE
	EndGlobalSection
	GlobalSection(ExtensibilityGlobals) = postSolution
		SolutionGuid = {F9B5BD4E-4E17-4466-A442-A1EBCE4A84A1}
	EndGlobalSection
EndGlobal
