
Microsoft Visual Studio Solution File, Format Version 12.00
# Visual Studio Version 17
VisualStudioVersion = 17.6.33829.357
MinimumVisualStudioVersion = 10.0.40219.1
Project("{FAE04EC0-301F-11D3-BF4B-00C04F79EFBC}") = "01. USD to BGN", "01. USD to BGN.csproj", "{2FAD701F-5B88-45DA-A24F-AE44E103F565}"
EndProject
Global
	GlobalSection(SolutionConfigurationPlatforms) = preSolution
		Debug|Any CPU = Debug|Any CPU
		Release|Any CPU = Release|Any CPU
	EndGlobalSection
	GlobalSection(ProjectConfigurationPlatforms) = postSolution
		{2FAD701F-5B88-45DA-A24F-AE44E103F565}.Debug|Any CPU.ActiveCfg = Debug|Any CPU
		{2FAD701F-5B88-45DA-A24F-AE44E103F565}.Debug|Any CPU.Build.0 = Debug|Any CPU
		{2FAD701F-5B88-45DA-A24F-AE44E103F565}.Release|Any CPU.ActiveCfg = Release|Any CPU
		{2FAD701F-5B88-45DA-A24F-AE44E103F565}.Release|Any CPU.Build.0 = Release|Any CPU
	EndGlobalSection
	GlobalSection(SolutionProperties) = preSolution
		HideSolutionNode = FALSE
	EndGlobalSection
	GlobalSection(ExtensibilityGlobals) = postSolution
		SolutionGuid = {7B93BBA5-2D82-4C22-9665-035E1848BA09}
	EndGlobalSection
EndGlobal
