
Microsoft Visual Studio Solution File, Format Version 12.00
# Visual Studio Version 17
VisualStudioVersion = 17.6.33829.357
MinimumVisualStudioVersion = 10.0.40219.1
Project("{FAE04EC0-301F-11D3-BF4B-00C04F79EFBC}") = "01. Number Pyramid", "01. Number Pyramid.csproj", "{4E7F2FFE-1FF4-4C38-809E-345A3FF9F4D9}"
EndProject
Global
	GlobalSection(SolutionConfigurationPlatforms) = preSolution
		Debug|Any CPU = Debug|Any CPU
		Release|Any CPU = Release|Any CPU
	EndGlobalSection
	GlobalSection(ProjectConfigurationPlatforms) = postSolution
		{4E7F2FFE-1FF4-4C38-809E-345A3FF9F4D9}.Debug|Any CPU.ActiveCfg = Debug|Any CPU
		{4E7F2FFE-1FF4-4C38-809E-345A3FF9F4D9}.Debug|Any CPU.Build.0 = Debug|Any CPU
		{4E7F2FFE-1FF4-4C38-809E-345A3FF9F4D9}.Release|Any CPU.ActiveCfg = Release|Any CPU
		{4E7F2FFE-1FF4-4C38-809E-345A3FF9F4D9}.Release|Any CPU.Build.0 = Release|Any CPU
	EndGlobalSection
	GlobalSection(SolutionProperties) = preSolution
		HideSolutionNode = FALSE
	EndGlobalSection
	GlobalSection(ExtensibilityGlobals) = postSolution
		SolutionGuid = {9C443964-6B18-4D99-A1F5-41FB7D5A5B41}
	EndGlobalSection
EndGlobal
