
Microsoft Visual Studio Solution File, Format Version 12.00
# Visual Studio Version 17
VisualStudioVersion = 17.6.33829.357
MinimumVisualStudioVersion = 10.0.40219.1
Project("{FAE04EC0-301F-11D3-BF4B-00C04F79EFBC}") = "01. Decreasing Numbers", "01. Decreasing Numbers.csproj", "{C3FFEBEC-53D7-4177-B574-C5ED455B9746}"
EndProject
Global
	GlobalSection(SolutionConfigurationPlatforms) = preSolution
		Debug|Any CPU = Debug|Any CPU
		Release|Any CPU = Release|Any CPU
	EndGlobalSection
	GlobalSection(ProjectConfigurationPlatforms) = postSolution
		{C3FFEBEC-53D7-4177-B574-C5ED455B9746}.Debug|Any CPU.ActiveCfg = Debug|Any CPU
		{C3FFEBEC-53D7-4177-B574-C5ED455B9746}.Debug|Any CPU.Build.0 = Debug|Any CPU
		{C3FFEBEC-53D7-4177-B574-C5ED455B9746}.Release|Any CPU.ActiveCfg = Release|Any CPU
		{C3FFEBEC-53D7-4177-B574-C5ED455B9746}.Release|Any CPU.Build.0 = Release|Any CPU
	EndGlobalSection
	GlobalSection(SolutionProperties) = preSolution
		HideSolutionNode = FALSE
	EndGlobalSection
	GlobalSection(ExtensibilityGlobals) = postSolution
		SolutionGuid = {7A260D39-679A-49BC-A175-208174FA432E}
	EndGlobalSection
EndGlobal
