
Microsoft Visual Studio Solution File, Format Version 12.00
# Visual Studio Version 17
VisualStudioVersion = 17.6.33829.357
MinimumVisualStudioVersion = 10.0.40219.1
Project("{FAE04EC0-301F-11D3-BF4B-00C04F79EFBC}") = "04. Numbers Ending in 7", "04. Numbers Ending in 7.csproj", "{0F8BB900-903A-41EF-960E-8E913FB5C389}"
EndProject
Global
	GlobalSection(SolutionConfigurationPlatforms) = preSolution
		Debug|Any CPU = Debug|Any CPU
		Release|Any CPU = Release|Any CPU
	EndGlobalSection
	GlobalSection(ProjectConfigurationPlatforms) = postSolution
		{0F8BB900-903A-41EF-960E-8E913FB5C389}.Debug|Any CPU.ActiveCfg = Debug|Any CPU
		{0F8BB900-903A-41EF-960E-8E913FB5C389}.Debug|Any CPU.Build.0 = Debug|Any CPU
		{0F8BB900-903A-41EF-960E-8E913FB5C389}.Release|Any CPU.ActiveCfg = Release|Any CPU
		{0F8BB900-903A-41EF-960E-8E913FB5C389}.Release|Any CPU.Build.0 = Release|Any CPU
	EndGlobalSection
	GlobalSection(SolutionProperties) = preSolution
		HideSolutionNode = FALSE
	EndGlobalSection
	GlobalSection(ExtensibilityGlobals) = postSolution
		SolutionGuid = {BE90F31F-0348-48D3-A0B1-748D1A383ED9}
	EndGlobalSection
EndGlobal
