
Microsoft Visual Studio Solution File, Format Version 12.00
# Visual Studio Version 17
VisualStudioVersion = 17.6.33829.357
MinimumVisualStudioVersion = 10.0.40219.1
Project("{FAE04EC0-301F-11D3-BF4B-00C04F79EFBC}") = "03.1 New Home", "03.1 New Home.csproj", "{046BC8B4-9B4C-4603-9F5D-B04C318122BD}"
EndProject
Global
	GlobalSection(SolutionConfigurationPlatforms) = preSolution
		Debug|Any CPU = Debug|Any CPU
		Release|Any CPU = Release|Any CPU
	EndGlobalSection
	GlobalSection(ProjectConfigurationPlatforms) = postSolution
		{046BC8B4-9B4C-4603-9F5D-B04C318122BD}.Debug|Any CPU.ActiveCfg = Debug|Any CPU
		{046BC8B4-9B4C-4603-9F5D-B04C318122BD}.Debug|Any CPU.Build.0 = Debug|Any CPU
		{046BC8B4-9B4C-4603-9F5D-B04C318122BD}.Release|Any CPU.ActiveCfg = Release|Any CPU
		{046BC8B4-9B4C-4603-9F5D-B04C318122BD}.Release|Any CPU.Build.0 = Release|Any CPU
	EndGlobalSection
	GlobalSection(SolutionProperties) = preSolution
		HideSolutionNode = FALSE
	EndGlobalSection
	GlobalSection(ExtensibilityGlobals) = postSolution
		SolutionGuid = {0CDCF191-576C-428D-B9B7-0CC383DFC49B}
	EndGlobalSection
EndGlobal
